
Microsoft Visual Studio Solution File, Format Version 12.00
# Visual Studio Version 17
VisualStudioVersion = 17.10.34928.147
MinimumVisualStudioVersion = 10.0.40219.1
Project("{FAE04EC0-301F-11D3-BF4B-00C04F79EFBC}") = "EmployeeManagement", "EmployeeManagement\EmployeeManagement.csproj", "{A12D3627-7531-4413-AB5A-E79498EBB5FD}"
EndProject
Global
	GlobalSection(SolutionConfigurationPlatforms) = preSolution
		Debug|Any CPU = Debug|Any CPU
		Release|Any CPU = Release|Any CPU
	EndGlobalSection
	GlobalSection(ProjectConfigurationPlatforms) = postSolution
		{A12D3627-7531-4413-AB5A-E79498EBB5FD}.Debug|Any CPU.ActiveCfg = Debug|Any CPU
		{A12D3627-7531-4413-AB5A-E79498EBB5FD}.Debug|Any CPU.Build.0 = Debug|Any CPU
		{A12D3627-7531-4413-AB5A-E79498EBB5FD}.Release|Any CPU.ActiveCfg = Release|Any CPU
		{A12D3627-7531-4413-AB5A-E79498EBB5FD}.Release|Any CPU.Build.0 = Release|Any CPU
	EndGlobalSection
	GlobalSection(SolutionProperties) = preSolution
		HideSolutionNode = FALSE
	EndGlobalSection
	GlobalSection(ExtensibilityGlobals) = postSolution
		SolutionGuid = {DA3F2D16-A362-4798-A95E-7FE00D5E778B}
	EndGlobalSection
EndGlobal
